
Microsoft Visual Studio Solution File, Format Version 12.00
# Visual Studio Version 16
VisualStudioVersion = 16.0.32630.194
MinimumVisualStudioVersion = 10.0.40219.1
Project("{FAE04EC0-301F-11D3-BF4B-00C04F79EFBC}") = "Loop1", "Loop1.csproj", "{B2BF65A9-39DD-4443-80B3-55AB72C22953}"
EndProject
Global
	GlobalSection(SolutionConfigurationPlatforms) = preSolution
		Debug|Any CPU = Debug|Any CPU
		Release|Any CPU = Release|Any CPU
	EndGlobalSection
	GlobalSection(ProjectConfigurationPlatforms) = postSolution
		{B2BF65A9-39DD-4443-80B3-55AB72C22953}.Debug|Any CPU.ActiveCfg = Debug|Any CPU
		{B2BF65A9-39DD-4443-80B3-55AB72C22953}.Debug|Any CPU.Build.0 = Debug|Any CPU
		{B2BF65A9-39DD-4443-80B3-55AB72C22953}.Release|Any CPU.ActiveCfg = Release|Any CPU
		{B2BF65A9-39DD-4443-80B3-55AB72C22953}.Release|Any CPU.Build.0 = Release|Any CPU
	EndGlobalSection
	GlobalSection(SolutionProperties) = preSolution
		HideSolutionNode = FALSE
	EndGlobalSection
	GlobalSection(ExtensibilityGlobals) = postSolution
		SolutionGuid = {C0DDDD8D-48BC-43BC-B1B7-EBF1C817525F}
	EndGlobalSection
EndGlobal
